
Microsoft Visual Studio Solution File, Format Version 12.00
# Visual Studio Version 16
VisualStudioVersion = 16.0.30320.27
MinimumVisualStudioVersion = 10.0.40219.1
Project("{8BC9CEB8-8B4A-11D0-8D11-00A0C91BC942}") = "source", "source\source.vcxproj", "{A497E581-6483-416B-A63A-1840F95619B0}"
EndProject
Global
	GlobalSection(SolutionConfigurationPlatforms) = preSolution
		Debug|x64 = Debug|x64
		Debug|x86 = Debug|x86
		Release|x64 = Release|x64
		Release|x86 = Release|x86
	EndGlobalSection
	GlobalSection(ProjectConfigurationPlatforms) = postSolution
		{A497E581-6483-416B-A63A-1840F95619B0}.Debug|x64.ActiveCfg = Debug|x64
		{A497E581-6483-416B-A63A-1840F95619B0}.Debug|x64.Build.0 = Debug|x64
		{A497E581-6483-416B-A63A-1840F95619B0}.Debug|x86.ActiveCfg = Debug|Win32
		{A497E581-6483-416B-A63A-1840F95619B0}.Debug|x86.Build.0 = Debug|Win32
		{A497E581-6483-416B-A63A-1840F95619B0}.Release|x64.ActiveCfg = Release|x64
		{A497E581-6483-416B-A63A-1840F95619B0}.Release|x64.Build.0 = Release|x64
		{A497E581-6483-416B-A63A-1840F95619B0}.Release|x86.ActiveCfg = Release|Win32
		{A497E581-6483-416B-A63A-1840F95619B0}.Release|x86.Build.0 = Release|Win32
	EndGlobalSection
	GlobalSection(SolutionProperties) = preSolution
		HideSolutionNode = FALSE
	EndGlobalSection
	GlobalSection(ExtensibilityGlobals) = postSolution
		SolutionGuid = {6FF7CDE9-9CEB-4DF3-8417-4CEAEEBEC337}
	EndGlobalSection
EndGlobal
